{
  "name": "veliz-encrypt",
  "version": "1.0.0",
  "lockfileVersion": 1,
  "requires": true,
  "dependencies": {
    "string-hex": {
      "version": "1.0.0",
      "resolved": "https://registry.npmjs.org/string-hex/-/string-hex-1.0.0.tgz",
      "integrity": "sha512-BVj+jcFkid8p2hDu96wRks4U3Dz/OfPnNR4vmABQqVIZgeSRAXYB5/zGrYT/8QhGhcEi/fMnjtLDz0rcJ5pEIQ=="
    }
  }
}
